
Microsoft Visual Studio Solution File, Format Version 12.00
# Visual Studio Version 16
VisualStudioVersion = 16.0.30907.101
MinimumVisualStudioVersion = 10.0.40219.1
Project("{FAE04EC0-301F-11D3-BF4B-00C04F79EFBC}") = "RedisShakeHand", "RedisShakeHand\RedisShakeHand.csproj", "{63E8902F-20A4-464D-9F05-5B57AEEDF7C3}"
EndProject
Global
	GlobalSection(SolutionConfigurationPlatforms) = preSolution
		Debug|Any CPU = Debug|Any CPU
		Release|Any CPU = Release|Any CPU
	EndGlobalSection
	GlobalSection(ProjectConfigurationPlatforms) = postSolution
		{63E8902F-20A4-464D-9F05-5B57AEEDF7C3}.Debug|Any CPU.ActiveCfg = Debug|Any CPU
		{63E8902F-20A4-464D-9F05-5B57AEEDF7C3}.Debug|Any CPU.Build.0 = Debug|Any CPU
		{63E8902F-20A4-464D-9F05-5B57AEEDF7C3}.Release|Any CPU.ActiveCfg = Release|Any CPU
		{63E8902F-20A4-464D-9F05-5B57AEEDF7C3}.Release|Any CPU.Build.0 = Release|Any CPU
	EndGlobalSection
	GlobalSection(SolutionProperties) = preSolution
		HideSolutionNode = FALSE
	EndGlobalSection
	GlobalSection(ExtensibilityGlobals) = postSolution
		SolutionGuid = {8CDCD03C-C942-4D35-88F2-44658F4EBC48}
	EndGlobalSection
EndGlobal
